// !$*UTF8*$!
{
	archiveVersion = 1;
	classes = {
	};
	objectVersion = 56;
	objects = {

/* Begin PBXBuildFile section */
		038092AAE511235CA1E7FB23 /* AppEditorViewModel.swift in Sources */ = {isa = PBXBuildFile; fileRef = 4EC808FE8D1DF4F853845D38 /* AppEditorViewModel.swift */; };
		03D09908B6C579CBA94DFCA2 /* ModelContainerFactory.swift in Sources */ = {isa = PBXBuildFile; fileRef = 175FC94A2537961959DC03E7 /* ModelContainerFactory.swift */; };
		0E3D409EEE6987A5364F6651 /* LauncherRepository.swift in Sources */ = {isa = PBXBuildFile; fileRef = C144DD82E8D0338401CF5B62 /* LauncherRepository.swift */; };
		0FF361136B2FA4D8677B7AE9 /* LauncherRepositoryTests.swift in Sources */ = {isa = PBXBuildFile; fileRef = A38AB1FD698D6D3DC96B8BED /* LauncherRepositoryTests.swift */; };
		1202D9C88B1F72EE2CD1148E /* AppEditorView.swift in Sources */ = {isa = PBXBuildFile; fileRef = 5C44BD901605B67518DB7F54 /* AppEditorView.swift */; };
		15615443F7CA05B86789086F /* LaunchURLValidator.swift in Sources */ = {isa = PBXBuildFile; fileRef = 5A52F724DC66B53021949CFB /* LaunchURLValidator.swift */; };
		26BBCAEB3036A58859F6BB43 /* DemoIconArtwork.swift in Sources */ = {isa = PBXBuildFile; fileRef = DC11314908923696C6173E65 /* DemoIconArtwork.swift */; };
		28447CCDB8FEA01A8B1A5C8D /* PortalLaunchOverlay.swift in Sources */ = {isa = PBXBuildFile; fileRef = FF31B5020C7E020D58E40C7E /* PortalLaunchOverlay.swift */; };
		2CEB01A1C2CE3ADE4C55AE4F /* Assets.xcassets in Resources */ = {isa = PBXBuildFile; fileRef = D3C1ED8A1430573273EE1344 /* Assets.xcassets */; };
		2F185FC6E1A3E46E927AD41C /* LauncherViewModelTests.swift in Sources */ = {isa = PBXBuildFile; fileRef = 6FE3992FF400B672D246BBCB /* LauncherViewModelTests.swift */; };
		3AD6F92915A6F2FF2F0DFE70 /* InMemoryLauncherRepository.swift in Sources */ = {isa = PBXBuildFile; fileRef = 34E79B265D6F8ABE14E8D882 /* InMemoryLauncherRepository.swift */; };
		4067151814727AE4DF69425B /* AppStoreLookupService.swift in Sources */ = {isa = PBXBuildFile; fileRef = D59C4C9B6A32C308C85EF666 /* AppStoreLookupService.swift */; };
		437A02C33B65C24E494FD203 /* CarouselUITests.swift in Sources */ = {isa = PBXBuildFile; fileRef = 70695AE4C2FB3019E09579C3 /* CarouselUITests.swift */; };
		438C56B03C8BA7D1841E1663 /* AccessibilityID.swift in Sources */ = {isa = PBXBuildFile; fileRef = F660A8AB2C4C2CB8CF1DD40C /* AccessibilityID.swift */; };
		46D01ED1536FEA1E70B0B65F /* IconArtworkView.swift in Sources */ = {isa = PBXBuildFile; fileRef = 8B5137301706B36690A7CF04 /* IconArtworkView.swift */; };
		474D350EE9D0F6CA4866205F /* StubAppLauncher.swift in Sources */ = {isa = PBXBuildFile; fileRef = A44B3397BADB00B9CB925A69 /* StubAppLauncher.swift */; };
		50E0DE243315D1907EAD2F49 /* PageIndicator.swift in Sources */ = {isa = PBXBuildFile; fileRef = 23D7344F3D91EADA5AB3914F /* PageIndicator.swift */; };
		60A8A757F06310D90A567E93 /* TestFixtures.swift in Sources */ = {isa = PBXBuildFile; fileRef = 92879E10994E6FFFF05C7335 /* TestFixtures.swift */; };
		61FE4D3BE4128DA6D8DED45A /* HoloTheme.swift in Sources */ = {isa = PBXBuildFile; fileRef = A61A1E16785E89ED648A74C2 /* HoloTheme.swift */; };
		6264741366C2FB86732242F9 /* SwiftDataLauncherRepository.swift in Sources */ = {isa = PBXBuildFile; fileRef = 4DE6D8143C0654ABD1BF6073 /* SwiftDataLauncherRepository.swift */; };
		6E8F4EBB734C725114D519F5 /* EmptyLauncherView.swift in Sources */ = {isa = PBXBuildFile; fileRef = 1BD5D491219E2A9F4FAE8DD1 /* EmptyLauncherView.swift */; };
		6F2AC6CD28EBA1AE5D407C2B /* IconProcessor.swift in Sources */ = {isa = PBXBuildFile; fileRef = F7123A3560C6386D58DFEEAD /* IconProcessor.swift */; };
		70C77F7E416EEFBBDCFDF79C /* CarouselGeometryTests.swift in Sources */ = {isa = PBXBuildFile; fileRef = F00D0A33836A9CA0AAEAD90B /* CarouselGeometryTests.swift */; };
		7F59AD586E8C398187A6575C /* HapticFeedback.swift in Sources */ = {isa = PBXBuildFile; fileRef = 75B89ACC79E2817251AF6856 /* HapticFeedback.swift */; };
		835CF9DB1477F920CFA64FE4 /* LauncherUITestCase.swift in Sources */ = {isa = PBXBuildFile; fileRef = A04B86DA4F4404DD3BA4DBD2 /* LauncherUITestCase.swift */; };
		839553630B64FA35FA90E428 /* StoredLauncherApp.swift in Sources */ = {isa = PBXBuildFile; fileRef = E535E1698FD3A088549EA04E /* StoredLauncherApp.swift */; };
		8693F3D07A0B6A3DB761F08C /* AppEditorViewModelTests.swift in Sources */ = {isa = PBXBuildFile; fileRef = A56F796574557FF037891D2A /* AppEditorViewModelTests.swift */; };
		8E10FFEEDE6DD8DD4DF7219F /* PreviewSupport.swift in Sources */ = {isa = PBXBuildFile; fileRef = 2F1FD5905BD3B609CA20D839 /* PreviewSupport.swift */; };
		904BCC07F418297842B1BB36 /* HolographicIconView.swift in Sources */ = {isa = PBXBuildFile; fileRef = 8BD68DBD0828A7A639E165B1 /* HolographicIconView.swift */; };
		9A8CB6EAEB8DCF1BD4A36F15 /* SettingsSheet.swift in Sources */ = {isa = PBXBuildFile; fileRef = FA6AA1D363DB942043DBDB92 /* SettingsSheet.swift */; };
		9E13487AE7053E779BB7BF05 /* HoloBackgroundView.swift in Sources */ = {isa = PBXBuildFile; fileRef = B4EA4E0130C781209C2E6779 /* HoloBackgroundView.swift */; };
		9F879B27FC315C1F044E29DB /* LaunchURLValidatorTests.swift in Sources */ = {isa = PBXBuildFile; fileRef = 25AFB14126C76DC577541FCA /* LaunchURLValidatorTests.swift */; };
		A11D517540A178BF6BA0731C /* LauncherFlowUITests.swift in Sources */ = {isa = PBXBuildFile; fileRef = 4525081719B4A604DC61F132 /* LauncherFlowUITests.swift */; };
		A77F29612E3AB515C2D629DA /* LauncherItem.swift in Sources */ = {isa = PBXBuildFile; fileRef = EDE363B71D75E29EE59F3473 /* LauncherItem.swift */; };
		ADB96949C3C161C7ECA489E8 /* LauncherViewModel.swift in Sources */ = {isa = PBXBuildFile; fileRef = 18F5836760810DEE997CD7B1 /* LauncherViewModel.swift */; };
		B56582376D643310BCF98E74 /* HoloMotion.swift in Sources */ = {isa = PBXBuildFile; fileRef = 0ABEBB0CF063C4635C17CBF6 /* HoloMotion.swift */; };
		BAAA6C58947AEEFB61E21ED5 /* IdleryLauncherApp.swift in Sources */ = {isa = PBXBuildFile; fileRef = 336A390E32E4927166583633 /* IdleryLauncherApp.swift */; };
		BD9828840E39B0A99D156D45 /* AppStoreURLParser.swift in Sources */ = {isa = PBXBuildFile; fileRef = 322186FA2E7540601E39F8ED /* AppStoreURLParser.swift */; };
		C1577C455CE5074F4F67D354 /* HolographicCarousel.swift in Sources */ = {isa = PBXBuildFile; fileRef = 98F941721F4C0C65D1D75F11 /* HolographicCarousel.swift */; };
		CBF6E78DAE6B438EDAD4BFDA /* SelectionStore.swift in Sources */ = {isa = PBXBuildFile; fileRef = 0BE4D539E4472CD1CCF6695C /* SelectionStore.swift */; };
		CC4F4AAF76D8866E15093A9B /* LauncherLayout.swift in Sources */ = {isa = PBXBuildFile; fileRef = 30771B3C0AEFEEDABFDB38BE /* LauncherLayout.swift */; };
		D8F9392B3ECB4DB06C96C1C6 /* IconProcessorTests.swift in Sources */ = {isa = PBXBuildFile; fileRef = 87268F03176F3AC2364BCFAA /* IconProcessorTests.swift */; };
		E14883B1FDDA7966EFA86A83 /* LauncherScreen.swift in Sources */ = {isa = PBXBuildFile; fileRef = BD78BB9037164E9804D89243 /* LauncherScreen.swift */; };
		E16C95C25EE547F9F9F72584 /* AppLaunching.swift in Sources */ = {isa = PBXBuildFile; fileRef = 0EA11219121842237516EEFF /* AppLaunching.swift */; };
		E208A5978DDF6B385E0BB4E9 /* LaunchEnvironment.swift in Sources */ = {isa = PBXBuildFile; fileRef = E9B8661B76F010773473B871 /* LaunchEnvironment.swift */; };
		E2AC9608C1AC16187ABC08E9 /* AppStoreURLParserTests.swift in Sources */ = {isa = PBXBuildFile; fileRef = 0C9FF2A1FF931AD2426392D3 /* AppStoreURLParserTests.swift */; };
		E465E22A1E51C049DF100DA4 /* AppStoreLookupTests.swift in Sources */ = {isa = PBXBuildFile; fileRef = 42C7F37928E8054E5A0BE72C /* AppStoreLookupTests.swift */; };
		E67E3068A880BCF97E2F62E1 /* DemoContent.swift in Sources */ = {isa = PBXBuildFile; fileRef = 3FDC44BA082787F2A480DE09 /* DemoContent.swift */; };
		F06A7CEECB78BDF565D4AD66 /* DemoContentTests.swift in Sources */ = {isa = PBXBuildFile; fileRef = E9157415B0B56EF7A2688914 /* DemoContentTests.swift */; };
		F55D0FF3AD1A2F5D71CB315D /* AppServices.swift in Sources */ = {isa = PBXBuildFile; fileRef = 73A4149652C446676414BB6A /* AppServices.swift */; };
/* End PBXBuildFile section */

/* Begin PBXContainerItemProxy section */
		D944CE7C074AA2382871A68A /* PBXContainerItemProxy */ = {
			isa = PBXContainerItemProxy;
			containerPortal = 46F86FAA6BBF9AC94A7E4595 /* Project object */;
			proxyType = 1;
			remoteGlobalIDString = 48435DBEF0FD11F11F10A84A;
			remoteInfo = IdleryLauncher;
		};
		F59A970B084036C39D9C2B1B /* PBXContainerItemProxy */ = {
			isa = PBXContainerItemProxy;
			containerPortal = 46F86FAA6BBF9AC94A7E4595 /* Project object */;
			proxyType = 1;
			remoteGlobalIDString = 48435DBEF0FD11F11F10A84A;
			remoteInfo = IdleryLauncher;
		};
/* End PBXContainerItemProxy section */

/* Begin PBXFileReference section */
		0ABEBB0CF063C4635C17CBF6 /* HoloMotion.swift */ = {isa = PBXFileReference; lastKnownFileType = sourcecode.swift; path = HoloMotion.swift; sourceTree = "<group>"; };
		0BE4D539E4472CD1CCF6695C /* SelectionStore.swift */ = {isa = PBXFileReference; lastKnownFileType = sourcecode.swift; path = SelectionStore.swift; sourceTree = "<group>"; };
		0C9FF2A1FF931AD2426392D3 /* AppStoreURLParserTests.swift */ = {isa = PBXFileReference; lastKnownFileType = sourcecode.swift; path = AppStoreURLParserTests.swift; sourceTree = "<group>"; };
		0EA11219121842237516EEFF /* AppLaunching.swift */ = {isa = PBXFileReference; lastKnownFileType = sourcecode.swift; path = AppLaunching.swift; sourceTree = "<group>"; };
		175FC94A2537961959DC03E7 /* ModelContainerFactory.swift */ = {isa = PBXFileReference; lastKnownFileType = sourcecode.swift; path = ModelContainerFactory.swift; sourceTree = "<group>"; };
		18F5836760810DEE997CD7B1 /* LauncherViewModel.swift */ = {isa = PBXFileReference; lastKnownFileType = sourcecode.swift; path = LauncherViewModel.swift; sourceTree = "<group>"; };
		1BD5D491219E2A9F4FAE8DD1 /* EmptyLauncherView.swift */ = {isa = PBXFileReference; lastKnownFileType = sourcecode.swift; path = EmptyLauncherView.swift; sourceTree = "<group>"; };
		23D7344F3D91EADA5AB3914F /* PageIndicator.swift */ = {isa = PBXFileReference; lastKnownFileType = sourcecode.swift; path = PageIndicator.swift; sourceTree = "<group>"; };
		25AFB14126C76DC577541FCA /* LaunchURLValidatorTests.swift */ = {isa = PBXFileReference; lastKnownFileType = sourcecode.swift; path = LaunchURLValidatorTests.swift; sourceTree = "<group>"; };
		2F1FD5905BD3B609CA20D839 /* PreviewSupport.swift */ = {isa = PBXFileReference; lastKnownFileType = sourcecode.swift; path = PreviewSupport.swift; sourceTree = "<group>"; };
		30771B3C0AEFEEDABFDB38BE /* LauncherLayout.swift */ = {isa = PBXFileReference; lastKnownFileType = sourcecode.swift; path = LauncherLayout.swift; sourceTree = "<group>"; };
		322186FA2E7540601E39F8ED /* AppStoreURLParser.swift */ = {isa = PBXFileReference; lastKnownFileType = sourcecode.swift; path = AppStoreURLParser.swift; sourceTree = "<group>"; };
		336A390E32E4927166583633 /* IdleryLauncherApp.swift */ = {isa = PBXFileReference; lastKnownFileType = sourcecode.swift; path = IdleryLauncherApp.swift; sourceTree = "<group>"; };
		34E79B265D6F8ABE14E8D882 /* InMemoryLauncherRepository.swift */ = {isa = PBXFileReference; lastKnownFileType = sourcecode.swift; path = InMemoryLauncherRepository.swift; sourceTree = "<group>"; };
		3FDC44BA082787F2A480DE09 /* DemoContent.swift */ = {isa = PBXFileReference; lastKnownFileType = sourcecode.swift; path = DemoContent.swift; sourceTree = "<group>"; };
		42C7F37928E8054E5A0BE72C /* AppStoreLookupTests.swift */ = {isa = PBXFileReference; lastKnownFileType = sourcecode.swift; path = AppStoreLookupTests.swift; sourceTree = "<group>"; };
		4525081719B4A604DC61F132 /* LauncherFlowUITests.swift */ = {isa = PBXFileReference; lastKnownFileType = sourcecode.swift; path = LauncherFlowUITests.swift; sourceTree = "<group>"; };
		4DE6D8143C0654ABD1BF6073 /* SwiftDataLauncherRepository.swift */ = {isa = PBXFileReference; lastKnownFileType = sourcecode.swift; path = SwiftDataLauncherRepository.swift; sourceTree = "<group>"; };
		4EC808FE8D1DF4F853845D38 /* AppEditorViewModel.swift */ = {isa = PBXFileReference; lastKnownFileType = sourcecode.swift; path = AppEditorViewModel.swift; sourceTree = "<group>"; };
		5A52F724DC66B53021949CFB /* LaunchURLValidator.swift */ = {isa = PBXFileReference; lastKnownFileType = sourcecode.swift; path = LaunchURLValidator.swift; sourceTree = "<group>"; };
		5C44BD901605B67518DB7F54 /* AppEditorView.swift */ = {isa = PBXFileReference; lastKnownFileType = sourcecode.swift; path = AppEditorView.swift; sourceTree = "<group>"; };
		6FE3992FF400B672D246BBCB /* LauncherViewModelTests.swift */ = {isa = PBXFileReference; lastKnownFileType = sourcecode.swift; path = LauncherViewModelTests.swift; sourceTree = "<group>"; };
		70695AE4C2FB3019E09579C3 /* CarouselUITests.swift */ = {isa = PBXFileReference; lastKnownFileType = sourcecode.swift; path = CarouselUITests.swift; sourceTree = "<group>"; };
		73A4149652C446676414BB6A /* AppServices.swift */ = {isa = PBXFileReference; lastKnownFileType = sourcecode.swift; path = AppServices.swift; sourceTree = "<group>"; };
		75B89ACC79E2817251AF6856 /* HapticFeedback.swift */ = {isa = PBXFileReference; lastKnownFileType = sourcecode.swift; path = HapticFeedback.swift; sourceTree = "<group>"; };
		84337AD8D27FCD69AF2C4FC2 /* IdleryLauncher.app */ = {isa = PBXFileReference; explicitFileType = wrapper.application; includeInIndex = 0; path = IdleryLauncher.app; sourceTree = BUILT_PRODUCTS_DIR; };
		87268F03176F3AC2364BCFAA /* IconProcessorTests.swift */ = {isa = PBXFileReference; lastKnownFileType = sourcecode.swift; path = IconProcessorTests.swift; sourceTree = "<group>"; };
		8A3D1D552712E12F81E1CBBF /* IdleryLauncherUITests.xctest */ = {isa = PBXFileReference; explicitFileType = wrapper.cfbundle; includeInIndex = 0; path = IdleryLauncherUITests.xctest; sourceTree = BUILT_PRODUCTS_DIR; };
		8B5137301706B36690A7CF04 /* IconArtworkView.swift */ = {isa = PBXFileReference; lastKnownFileType = sourcecode.swift; path = IconArtworkView.swift; sourceTree = "<group>"; };
		8BD68DBD0828A7A639E165B1 /* HolographicIconView.swift */ = {isa = PBXFileReference; lastKnownFileType = sourcecode.swift; path = HolographicIconView.swift; sourceTree = "<group>"; };
		92879E10994E6FFFF05C7335 /* TestFixtures.swift */ = {isa = PBXFileReference; lastKnownFileType = sourcecode.swift; path = TestFixtures.swift; sourceTree = "<group>"; };
		98F941721F4C0C65D1D75F11 /* HolographicCarousel.swift */ = {isa = PBXFileReference; lastKnownFileType = sourcecode.swift; path = HolographicCarousel.swift; sourceTree = "<group>"; };
		A04B86DA4F4404DD3BA4DBD2 /* LauncherUITestCase.swift */ = {isa = PBXFileReference; lastKnownFileType = sourcecode.swift; path = LauncherUITestCase.swift; sourceTree = "<group>"; };
		A38AB1FD698D6D3DC96B8BED /* LauncherRepositoryTests.swift */ = {isa = PBXFileReference; lastKnownFileType = sourcecode.swift; path = LauncherRepositoryTests.swift; sourceTree = "<group>"; };
		A44B3397BADB00B9CB925A69 /* StubAppLauncher.swift */ = {isa = PBXFileReference; lastKnownFileType = sourcecode.swift; path = StubAppLauncher.swift; sourceTree = "<group>"; };
		A56F796574557FF037891D2A /* AppEditorViewModelTests.swift */ = {isa = PBXFileReference; lastKnownFileType = sourcecode.swift; path = AppEditorViewModelTests.swift; sourceTree = "<group>"; };
		A61A1E16785E89ED648A74C2 /* HoloTheme.swift */ = {isa = PBXFileReference; lastKnownFileType = sourcecode.swift; path = HoloTheme.swift; sourceTree = "<group>"; };
		B4EA4E0130C781209C2E6779 /* HoloBackgroundView.swift */ = {isa = PBXFileReference; lastKnownFileType = sourcecode.swift; path = HoloBackgroundView.swift; sourceTree = "<group>"; };
		BC12E2F5145D224457882A85 /* IdleryLauncherTests.xctest */ = {isa = PBXFileReference; explicitFileType = wrapper.cfbundle; includeInIndex = 0; path = IdleryLauncherTests.xctest; sourceTree = BUILT_PRODUCTS_DIR; };
		BD78BB9037164E9804D89243 /* LauncherScreen.swift */ = {isa = PBXFileReference; lastKnownFileType = sourcecode.swift; path = LauncherScreen.swift; sourceTree = "<group>"; };
		C144DD82E8D0338401CF5B62 /* LauncherRepository.swift */ = {isa = PBXFileReference; lastKnownFileType = sourcecode.swift; path = LauncherRepository.swift; sourceTree = "<group>"; };
		D3C1ED8A1430573273EE1344 /* Assets.xcassets */ = {isa = PBXFileReference; lastKnownFileType = folder.assetcatalog; path = Assets.xcassets; sourceTree = "<group>"; };
		D59C4C9B6A32C308C85EF666 /* AppStoreLookupService.swift */ = {isa = PBXFileReference; lastKnownFileType = sourcecode.swift; path = AppStoreLookupService.swift; sourceTree = "<group>"; };
		DC11314908923696C6173E65 /* DemoIconArtwork.swift */ = {isa = PBXFileReference; lastKnownFileType = sourcecode.swift; path = DemoIconArtwork.swift; sourceTree = "<group>"; };
		E535E1698FD3A088549EA04E /* StoredLauncherApp.swift */ = {isa = PBXFileReference; lastKnownFileType = sourcecode.swift; path = StoredLauncherApp.swift; sourceTree = "<group>"; };
		E9157415B0B56EF7A2688914 /* DemoContentTests.swift */ = {isa = PBXFileReference; lastKnownFileType = sourcecode.swift; path = DemoContentTests.swift; sourceTree = "<group>"; };
		E9B8661B76F010773473B871 /* LaunchEnvironment.swift */ = {isa = PBXFileReference; lastKnownFileType = sourcecode.swift; path = LaunchEnvironment.swift; sourceTree = "<group>"; };
		EC0457A66F435EDA4CBADBE2 /* Info.plist */ = {isa = PBXFileReference; lastKnownFileType = text.plist.xml; path = Info.plist; sourceTree = "<group>"; };
		EDE363B71D75E29EE59F3473 /* LauncherItem.swift */ = {isa = PBXFileReference; lastKnownFileType = sourcecode.swift; path = LauncherItem.swift; sourceTree = "<group>"; };
		F00D0A33836A9CA0AAEAD90B /* CarouselGeometryTests.swift */ = {isa = PBXFileReference; lastKnownFileType = sourcecode.swift; path = CarouselGeometryTests.swift; sourceTree = "<group>"; };
		F660A8AB2C4C2CB8CF1DD40C /* AccessibilityID.swift */ = {isa = PBXFileReference; lastKnownFileType = sourcecode.swift; path = AccessibilityID.swift; sourceTree = "<group>"; };
		F7123A3560C6386D58DFEEAD /* IconProcessor.swift */ = {isa = PBXFileReference; lastKnownFileType = sourcecode.swift; path = IconProcessor.swift; sourceTree = "<group>"; };
		FA6AA1D363DB942043DBDB92 /* SettingsSheet.swift */ = {isa = PBXFileReference; lastKnownFileType = sourcecode.swift; path = SettingsSheet.swift; sourceTree = "<group>"; };
		FF31B5020C7E020D58E40C7E /* PortalLaunchOverlay.swift */ = {isa = PBXFileReference; lastKnownFileType = sourcecode.swift; path = PortalLaunchOverlay.swift; sourceTree = "<group>"; };
/* End PBXFileReference section */

/* Begin PBXFrameworksBuildPhase section */
		4B2FD405D71B961E40CA2C7F /* Frameworks */ = {
			isa = PBXFrameworksBuildPhase;
			buildActionMask = 2147483647;
			files = (
			);
			runOnlyForDeploymentPostprocessing = 0;
		};
		CCAEB539B1C39A7F311E9A87 /* Frameworks */ = {
			isa = PBXFrameworksBuildPhase;
			buildActionMask = 2147483647;
			files = (
			);
			runOnlyForDeploymentPostprocessing = 0;
		};
		72A3B4262981C8B23E400A00 /* Frameworks */ = {
			isa = PBXFrameworksBuildPhase;
			buildActionMask = 2147483647;
			files = (
			);
			runOnlyForDeploymentPostprocessing = 0;
		};
/* End PBXFrameworksBuildPhase section */

/* Begin PBXGroup section */
		518DA81DB9B99529C0C0AEBE = {
			isa = PBXGroup;
			children = (
				A71F3530C1228DF1BCDB3EAA /* IdleryLauncher */,
				51F0FA330655681502D8585F /* IdleryLauncherTests */,
				A110245082970F21CCA0FAB6 /* IdleryLauncherUITests */,
				547D009064F7C3F13BEF3460 /* Products */,
			);
			sourceTree = "<group>";
		};
		547D009064F7C3F13BEF3460 /* Products */ = {
			isa = PBXGroup;
			children = (
				84337AD8D27FCD69AF2C4FC2 /* IdleryLauncher.app */,
				BC12E2F5145D224457882A85 /* IdleryLauncherTests.xctest */,
				8A3D1D552712E12F81E1CBBF /* IdleryLauncherUITests.xctest */,
			);
			name = Products;
			sourceTree = "<group>";
		};
		A71F3530C1228DF1BCDB3EAA /* IdleryLauncher */ = {
			isa = PBXGroup;
			children = (
				0C4661A67AFE93498417A354 /* App */,
				40722AD7E2F249756D8A596B /* Demo */,
				BEA26AEF0215D6D3967140BD /* Features */,
				3BD0FE6C413C89094541BE56 /* Models */,
				179A22100A1AF46D402D1977 /* Persistence */,
				ABD65D1774966B8E15AD0182 /* Resources */,
				D3FF11A2246FEE2F3C0474CC /* Services */,
				5ECF709CA3FE20849E9C4045 /* Support */,
				EC0457A66F435EDA4CBADBE2 /* Info.plist */,
			);
			path = IdleryLauncher;
			sourceTree = "<group>";
		};
		0C4661A67AFE93498417A354 /* App */ = {
			isa = PBXGroup;
			children = (
				73A4149652C446676414BB6A /* AppServices.swift */,
				336A390E32E4927166583633 /* IdleryLauncherApp.swift */,
				E9B8661B76F010773473B871 /* LaunchEnvironment.swift */,
			);
			path = App;
			sourceTree = "<group>";
		};
		40722AD7E2F249756D8A596B /* Demo */ = {
			isa = PBXGroup;
			children = (
				3FDC44BA082787F2A480DE09 /* DemoContent.swift */,
				DC11314908923696C6173E65 /* DemoIconArtwork.swift */,
			);
			path = Demo;
			sourceTree = "<group>";
		};
		BEA26AEF0215D6D3967140BD /* Features */ = {
			isa = PBXGroup;
			children = (
				8FAEDE2093037EF92E2A0E52 /* Holographic */,
				9E1D7E76B8ADCDB147ED0514 /* Launcher */,
				5ECBACB06CA5B82210EEAB38 /* Settings */,
			);
			path = Features;
			sourceTree = "<group>";
		};
		8FAEDE2093037EF92E2A0E52 /* Holographic */ = {
			isa = PBXGroup;
			children = (
				B4EA4E0130C781209C2E6779 /* HoloBackgroundView.swift */,
				8BD68DBD0828A7A639E165B1 /* HolographicIconView.swift */,
				0ABEBB0CF063C4635C17CBF6 /* HoloMotion.swift */,
				A61A1E16785E89ED648A74C2 /* HoloTheme.swift */,
				8B5137301706B36690A7CF04 /* IconArtworkView.swift */,
				FF31B5020C7E020D58E40C7E /* PortalLaunchOverlay.swift */,
			);
			path = Holographic;
			sourceTree = "<group>";
		};
		9E1D7E76B8ADCDB147ED0514 /* Launcher */ = {
			isa = PBXGroup;
			children = (
				1BD5D491219E2A9F4FAE8DD1 /* EmptyLauncherView.swift */,
				98F941721F4C0C65D1D75F11 /* HolographicCarousel.swift */,
				30771B3C0AEFEEDABFDB38BE /* LauncherLayout.swift */,
				BD78BB9037164E9804D89243 /* LauncherScreen.swift */,
				18F5836760810DEE997CD7B1 /* LauncherViewModel.swift */,
				23D7344F3D91EADA5AB3914F /* PageIndicator.swift */,
			);
			path = Launcher;
			sourceTree = "<group>";
		};
		5ECBACB06CA5B82210EEAB38 /* Settings */ = {
			isa = PBXGroup;
			children = (
				5C44BD901605B67518DB7F54 /* AppEditorView.swift */,
				4EC808FE8D1DF4F853845D38 /* AppEditorViewModel.swift */,
				FA6AA1D363DB942043DBDB92 /* SettingsSheet.swift */,
			);
			path = Settings;
			sourceTree = "<group>";
		};
		3BD0FE6C413C89094541BE56 /* Models */ = {
			isa = PBXGroup;
			children = (
				EDE363B71D75E29EE59F3473 /* LauncherItem.swift */,
			);
			path = Models;
			sourceTree = "<group>";
		};
		179A22100A1AF46D402D1977 /* Persistence */ = {
			isa = PBXGroup;
			children = (
				34E79B265D6F8ABE14E8D882 /* InMemoryLauncherRepository.swift */,
				C144DD82E8D0338401CF5B62 /* LauncherRepository.swift */,
				175FC94A2537961959DC03E7 /* ModelContainerFactory.swift */,
				E535E1698FD3A088549EA04E /* StoredLauncherApp.swift */,
				4DE6D8143C0654ABD1BF6073 /* SwiftDataLauncherRepository.swift */,
			);
			path = Persistence;
			sourceTree = "<group>";
		};
		ABD65D1774966B8E15AD0182 /* Resources */ = {
			isa = PBXGroup;
			children = (
				D3C1ED8A1430573273EE1344 /* Assets.xcassets */,
			);
			path = Resources;
			sourceTree = "<group>";
		};
		D3FF11A2246FEE2F3C0474CC /* Services */ = {
			isa = PBXGroup;
			children = (
				0EA11219121842237516EEFF /* AppLaunching.swift */,
				D59C4C9B6A32C308C85EF666 /* AppStoreLookupService.swift */,
				322186FA2E7540601E39F8ED /* AppStoreURLParser.swift */,
				75B89ACC79E2817251AF6856 /* HapticFeedback.swift */,
				F7123A3560C6386D58DFEEAD /* IconProcessor.swift */,
				5A52F724DC66B53021949CFB /* LaunchURLValidator.swift */,
				0BE4D539E4472CD1CCF6695C /* SelectionStore.swift */,
			);
			path = Services;
			sourceTree = "<group>";
		};
		5ECF709CA3FE20849E9C4045 /* Support */ = {
			isa = PBXGroup;
			children = (
				F660A8AB2C4C2CB8CF1DD40C /* AccessibilityID.swift */,
				2F1FD5905BD3B609CA20D839 /* PreviewSupport.swift */,
				A44B3397BADB00B9CB925A69 /* StubAppLauncher.swift */,
			);
			path = Support;
			sourceTree = "<group>";
		};
		51F0FA330655681502D8585F /* IdleryLauncherTests */ = {
			isa = PBXGroup;
			children = (
				A56F796574557FF037891D2A /* AppEditorViewModelTests.swift */,
				42C7F37928E8054E5A0BE72C /* AppStoreLookupTests.swift */,
				0C9FF2A1FF931AD2426392D3 /* AppStoreURLParserTests.swift */,
				F00D0A33836A9CA0AAEAD90B /* CarouselGeometryTests.swift */,
				E9157415B0B56EF7A2688914 /* DemoContentTests.swift */,
				87268F03176F3AC2364BCFAA /* IconProcessorTests.swift */,
				A38AB1FD698D6D3DC96B8BED /* LauncherRepositoryTests.swift */,
				6FE3992FF400B672D246BBCB /* LauncherViewModelTests.swift */,
				25AFB14126C76DC577541FCA /* LaunchURLValidatorTests.swift */,
				92879E10994E6FFFF05C7335 /* TestFixtures.swift */,
			);
			path = IdleryLauncherTests;
			sourceTree = "<group>";
		};
		A110245082970F21CCA0FAB6 /* IdleryLauncherUITests */ = {
			isa = PBXGroup;
			children = (
				70695AE4C2FB3019E09579C3 /* CarouselUITests.swift */,
				4525081719B4A604DC61F132 /* LauncherFlowUITests.swift */,
				A04B86DA4F4404DD3BA4DBD2 /* LauncherUITestCase.swift */,
			);
			path = IdleryLauncherUITests;
			sourceTree = "<group>";
		};
/* End PBXGroup section */

/* Begin PBXNativeTarget section */
		48435DBEF0FD11F11F10A84A /* IdleryLauncher */ = {
			isa = PBXNativeTarget;
			buildConfigurationList = 6B27B53E833CA573B7BBDFBD /* Build configuration list for PBXNativeTarget "IdleryLauncher" */;
			buildPhases = (
				63184202FAB02A06B2F38FE2 /* Sources */,
				4B2FD405D71B961E40CA2C7F /* Frameworks */,
				9A0D96A8EEA002F4B12B8B83 /* Resources */,
			);
			buildRules = (
			);
			dependencies = (
			);
			name = IdleryLauncher;
			productName = IdleryLauncher;
			productReference = 84337AD8D27FCD69AF2C4FC2 /* IdleryLauncher.app */;
			productType = com.apple.product-type.application;
		};
		F83A67D3372638C87AD2FAD4 /* IdleryLauncherTests */ = {
			isa = PBXNativeTarget;
			buildConfigurationList = 2F9A0A5877055925A83DCDEA /* Build configuration list for PBXNativeTarget "IdleryLauncherTests" */;
			buildPhases = (
				82F85D78257AB7648F59AA93 /* Sources */,
				CCAEB539B1C39A7F311E9A87 /* Frameworks */,
				B16DFA54EF5DB6095C2A7A8B /* Resources */,
			);
			buildRules = (
			);
			dependencies = (
				1D89F4F32398EC267013CB71 /* PBXTargetDependency */,
			);
			name = IdleryLauncherTests;
			productName = IdleryLauncherTests;
			productReference = BC12E2F5145D224457882A85 /* IdleryLauncherTests.xctest */;
			productType = com.apple.product-type.bundle.unit-test;
		};
		5C56F9B0D6940B0B24DB9904 /* IdleryLauncherUITests */ = {
			isa = PBXNativeTarget;
			buildConfigurationList = FFFF81E3F96387DE3E8D623E /* Build configuration list for PBXNativeTarget "IdleryLauncherUITests" */;
			buildPhases = (
				2851EE4A8D0A74CC2230E471 /* Sources */,
				72A3B4262981C8B23E400A00 /* Frameworks */,
				990B0D9ED13F1B72D6CFDE53 /* Resources */,
			);
			buildRules = (
			);
			dependencies = (
				10C6A7D1CBB2A68589BAF02A /* PBXTargetDependency */,
			);
			name = IdleryLauncherUITests;
			productName = IdleryLauncherUITests;
			productReference = 8A3D1D552712E12F81E1CBBF /* IdleryLauncherUITests.xctest */;
			productType = com.apple.product-type.bundle.ui-testing;
		};
/* End PBXNativeTarget section */

/* Begin PBXProject section */
		46F86FAA6BBF9AC94A7E4595 /* Project object */ = {
			isa = PBXProject;
			attributes = {
				BuildIndependentTargetsInParallel = 1;
				LastSwiftUpdateCheck = 1600;
				LastUpgradeCheck = 1600;
				TargetAttributes = {
					48435DBEF0FD11F11F10A84A = {
						CreatedOnToolsVersion = 16.0;
					};
					F83A67D3372638C87AD2FAD4 = {
						CreatedOnToolsVersion = 16.0;
						TestTargetID = 48435DBEF0FD11F11F10A84A;
					};
					5C56F9B0D6940B0B24DB9904 = {
						CreatedOnToolsVersion = 16.0;
						TestTargetID = 48435DBEF0FD11F11F10A84A;
					};
				};
			};
			buildConfigurationList = 1F4E3D13C2320EDA50221924 /* Build configuration list for PBXProject "IdleryLauncher" */;
			compatibilityVersion = "Xcode 14.0";
			developmentRegion = en;
			hasScannedForEncodings = 0;
			knownRegions = (
				en,
				Base,
			);
			mainGroup = 518DA81DB9B99529C0C0AEBE;
			productRefGroup = 547D009064F7C3F13BEF3460 /* Products */;
			projectDirPath = "";
			projectRoot = "";
			targets = (
				48435DBEF0FD11F11F10A84A /* IdleryLauncher */,
				F83A67D3372638C87AD2FAD4 /* IdleryLauncherTests */,
				5C56F9B0D6940B0B24DB9904 /* IdleryLauncherUITests */,
			);
		};
/* End PBXProject section */

/* Begin PBXResourcesBuildPhase section */
		9A0D96A8EEA002F4B12B8B83 /* Resources */ = {
			isa = PBXResourcesBuildPhase;
			buildActionMask = 2147483647;
			files = (
				2CEB01A1C2CE3ADE4C55AE4F /* Assets.xcassets in Resources */,
			);
			runOnlyForDeploymentPostprocessing = 0;
		};
		B16DFA54EF5DB6095C2A7A8B /* Resources */ = {
			isa = PBXResourcesBuildPhase;
			buildActionMask = 2147483647;
			files = (
			);
			runOnlyForDeploymentPostprocessing = 0;
		};
		990B0D9ED13F1B72D6CFDE53 /* Resources */ = {
			isa = PBXResourcesBuildPhase;
			buildActionMask = 2147483647;
			files = (
			);
			runOnlyForDeploymentPostprocessing = 0;
		};
/* End PBXResourcesBuildPhase section */

/* Begin PBXSourcesBuildPhase section */
		63184202FAB02A06B2F38FE2 /* Sources */ = {
			isa = PBXSourcesBuildPhase;
			buildActionMask = 2147483647;
			files = (
				438C56B03C8BA7D1841E1663 /* AccessibilityID.swift in Sources */,
				1202D9C88B1F72EE2CD1148E /* AppEditorView.swift in Sources */,
				038092AAE511235CA1E7FB23 /* AppEditorViewModel.swift in Sources */,
				E16C95C25EE547F9F9F72584 /* AppLaunching.swift in Sources */,
				F55D0FF3AD1A2F5D71CB315D /* AppServices.swift in Sources */,
				4067151814727AE4DF69425B /* AppStoreLookupService.swift in Sources */,
				BD9828840E39B0A99D156D45 /* AppStoreURLParser.swift in Sources */,
				E67E3068A880BCF97E2F62E1 /* DemoContent.swift in Sources */,
				26BBCAEB3036A58859F6BB43 /* DemoIconArtwork.swift in Sources */,
				6E8F4EBB734C725114D519F5 /* EmptyLauncherView.swift in Sources */,
				7F59AD586E8C398187A6575C /* HapticFeedback.swift in Sources */,
				9E13487AE7053E779BB7BF05 /* HoloBackgroundView.swift in Sources */,
				B56582376D643310BCF98E74 /* HoloMotion.swift in Sources */,
				61FE4D3BE4128DA6D8DED45A /* HoloTheme.swift in Sources */,
				C1577C455CE5074F4F67D354 /* HolographicCarousel.swift in Sources */,
				904BCC07F418297842B1BB36 /* HolographicIconView.swift in Sources */,
				46D01ED1536FEA1E70B0B65F /* IconArtworkView.swift in Sources */,
				6F2AC6CD28EBA1AE5D407C2B /* IconProcessor.swift in Sources */,
				BAAA6C58947AEEFB61E21ED5 /* IdleryLauncherApp.swift in Sources */,
				3AD6F92915A6F2FF2F0DFE70 /* InMemoryLauncherRepository.swift in Sources */,
				E208A5978DDF6B385E0BB4E9 /* LaunchEnvironment.swift in Sources */,
				15615443F7CA05B86789086F /* LaunchURLValidator.swift in Sources */,
				A77F29612E3AB515C2D629DA /* LauncherItem.swift in Sources */,
				CC4F4AAF76D8866E15093A9B /* LauncherLayout.swift in Sources */,
				0E3D409EEE6987A5364F6651 /* LauncherRepository.swift in Sources */,
				E14883B1FDDA7966EFA86A83 /* LauncherScreen.swift in Sources */,
				ADB96949C3C161C7ECA489E8 /* LauncherViewModel.swift in Sources */,
				03D09908B6C579CBA94DFCA2 /* ModelContainerFactory.swift in Sources */,
				50E0DE243315D1907EAD2F49 /* PageIndicator.swift in Sources */,
				28447CCDB8FEA01A8B1A5C8D /* PortalLaunchOverlay.swift in Sources */,
				8E10FFEEDE6DD8DD4DF7219F /* PreviewSupport.swift in Sources */,
				CBF6E78DAE6B438EDAD4BFDA /* SelectionStore.swift in Sources */,
				9A8CB6EAEB8DCF1BD4A36F15 /* SettingsSheet.swift in Sources */,
				839553630B64FA35FA90E428 /* StoredLauncherApp.swift in Sources */,
				474D350EE9D0F6CA4866205F /* StubAppLauncher.swift in Sources */,
				6264741366C2FB86732242F9 /* SwiftDataLauncherRepository.swift in Sources */,
			);
			runOnlyForDeploymentPostprocessing = 0;
		};
		82F85D78257AB7648F59AA93 /* Sources */ = {
			isa = PBXSourcesBuildPhase;
			buildActionMask = 2147483647;
			files = (
				8693F3D07A0B6A3DB761F08C /* AppEditorViewModelTests.swift in Sources */,
				E465E22A1E51C049DF100DA4 /* AppStoreLookupTests.swift in Sources */,
				E2AC9608C1AC16187ABC08E9 /* AppStoreURLParserTests.swift in Sources */,
				70C77F7E416EEFBBDCFDF79C /* CarouselGeometryTests.swift in Sources */,
				F06A7CEECB78BDF565D4AD66 /* DemoContentTests.swift in Sources */,
				D8F9392B3ECB4DB06C96C1C6 /* IconProcessorTests.swift in Sources */,
				9F879B27FC315C1F044E29DB /* LaunchURLValidatorTests.swift in Sources */,
				0FF361136B2FA4D8677B7AE9 /* LauncherRepositoryTests.swift in Sources */,
				2F185FC6E1A3E46E927AD41C /* LauncherViewModelTests.swift in Sources */,
				60A8A757F06310D90A567E93 /* TestFixtures.swift in Sources */,
			);
			runOnlyForDeploymentPostprocessing = 0;
		};
		2851EE4A8D0A74CC2230E471 /* Sources */ = {
			isa = PBXSourcesBuildPhase;
			buildActionMask = 2147483647;
			files = (
				437A02C33B65C24E494FD203 /* CarouselUITests.swift in Sources */,
				A11D517540A178BF6BA0731C /* LauncherFlowUITests.swift in Sources */,
				835CF9DB1477F920CFA64FE4 /* LauncherUITestCase.swift in Sources */,
			);
			runOnlyForDeploymentPostprocessing = 0;
		};
/* End PBXSourcesBuildPhase section */

/* Begin PBXTargetDependency section */
		1D89F4F32398EC267013CB71 /* PBXTargetDependency */ = {
			isa = PBXTargetDependency;
			target = 48435DBEF0FD11F11F10A84A /* IdleryLauncher */;
			targetProxy = D944CE7C074AA2382871A68A /* PBXContainerItemProxy */;
		};
		10C6A7D1CBB2A68589BAF02A /* PBXTargetDependency */ = {
			isa = PBXTargetDependency;
			target = 48435DBEF0FD11F11F10A84A /* IdleryLauncher */;
			targetProxy = F59A970B084036C39D9C2B1B /* PBXContainerItemProxy */;
		};
/* End PBXTargetDependency section */

/* Begin XCBuildConfiguration section */
		4A43692AD8BCEEB8B727C85B /* Debug */ = {
			isa = XCBuildConfiguration;
			buildSettings = {
				ALWAYS_SEARCH_USER_PATHS = NO;
				CLANG_ANALYZER_NONNULL = YES;
				CLANG_ANALYZER_NUMBER_OBJECT_CONVERSION = YES_AGGRESSIVE;
				CLANG_ENABLE_MODULES = YES;
				CLANG_ENABLE_OBJC_ARC = YES;
				CLANG_ENABLE_OBJC_WEAK = YES;
				CLANG_WARN_BLOCK_CAPTURE_AUTORELEASING = YES;
				CLANG_WARN_BOOL_CONVERSION = YES;
				CLANG_WARN_COMMA = YES;
				CLANG_WARN_CONSTANT_CONVERSION = YES;
				CLANG_WARN_DEPRECATED_OBJC_IMPLEMENTATIONS = YES;
				CLANG_WARN_DIRECT_OBJC_ISA_USAGE = YES_ERROR;
				CLANG_WARN_DOCUMENTATION_COMMENTS = YES;
				CLANG_WARN_EMPTY_BODY = YES;
				CLANG_WARN_ENUM_CONVERSION = YES;
				CLANG_WARN_INFINITE_RECURSION = YES;
				CLANG_WARN_INT_CONVERSION = YES;
				CLANG_WARN_NON_LITERAL_NULL_CONVERSION = YES;
				CLANG_WARN_OBJC_LITERAL_CONVERSION = YES;
				CLANG_WARN_OBJC_ROOT_CLASS = YES_ERROR;
				CLANG_WARN_QUOTED_INCLUDE_IN_FRAMEWORK_HEADER = YES;
				CLANG_WARN_RANGE_LOOP_ANALYSIS = YES;
				CLANG_WARN_STRICT_PROTOTYPES = YES;
				CLANG_WARN_SUSPICIOUS_MOVE = YES;
				CLANG_WARN_UNGUARDED_AVAILABILITY = YES_AGGRESSIVE;
				CLANG_WARN_UNREACHABLE_CODE = YES;
				CLANG_WARN__DUPLICATE_METHOD_MATCH = YES;
				COPY_PHASE_STRIP = NO;
				DEBUG_INFORMATION_FORMAT = dwarf;
				ENABLE_STRICT_OBJC_MSGSEND = YES;
				ENABLE_TESTABILITY = YES;
				ENABLE_USER_SCRIPT_SANDBOXING = YES;
				GCC_C_LANGUAGE_STANDARD = gnu17;
				GCC_DYNAMIC_NO_PIC = NO;
				GCC_NO_COMMON_BLOCKS = YES;
				GCC_OPTIMIZATION_LEVEL = 0;
				GCC_PREPROCESSOR_DEFINITIONS = (
					"DEBUG=1",
					"$(inherited)",
				);
				GCC_WARN_64_TO_32_BIT_CONVERSION = YES;
				GCC_WARN_ABOUT_RETURN_TYPE = YES_ERROR;
				GCC_WARN_UNDECLARED_SELECTOR = YES;
				GCC_WARN_UNINITIALIZED_AUTOS = YES_AGGRESSIVE;
				GCC_WARN_UNUSED_FUNCTION = YES;
				GCC_WARN_UNUSED_VARIABLE = YES;
				IPHONEOS_DEPLOYMENT_TARGET = 17.0;
				LOCALIZATION_PREFERS_STRING_CATALOGS = YES;
				MTL_ENABLE_DEBUG_INFO = INCLUDE_SOURCE;
				MTL_FAST_MATH = YES;
				ONLY_ACTIVE_ARCH = YES;
				SDKROOT = iphoneos;
				SWIFT_ACTIVE_COMPILATION_CONDITIONS = "DEBUG $(inherited)";
				SWIFT_OPTIMIZATION_LEVEL = "-Onone";
				SWIFT_VERSION = 6.0;
			};
			name = Debug;
		};
		C28449456A5A705A7479770B /* Release */ = {
			isa = XCBuildConfiguration;
			buildSettings = {
				ALWAYS_SEARCH_USER_PATHS = NO;
				CLANG_ANALYZER_NONNULL = YES;
				CLANG_ANALYZER_NUMBER_OBJECT_CONVERSION = YES_AGGRESSIVE;
				CLANG_ENABLE_MODULES = YES;
				CLANG_ENABLE_OBJC_ARC = YES;
				CLANG_ENABLE_OBJC_WEAK = YES;
				CLANG_WARN_BLOCK_CAPTURE_AUTORELEASING = YES;
				CLANG_WARN_BOOL_CONVERSION = YES;
				CLANG_WARN_COMMA = YES;
				CLANG_WARN_CONSTANT_CONVERSION = YES;
				CLANG_WARN_DEPRECATED_OBJC_IMPLEMENTATIONS = YES;
				CLANG_WARN_DIRECT_OBJC_ISA_USAGE = YES_ERROR;
				CLANG_WARN_DOCUMENTATION_COMMENTS = YES;
				CLANG_WARN_EMPTY_BODY = YES;
				CLANG_WARN_ENUM_CONVERSION = YES;
				CLANG_WARN_INFINITE_RECURSION = YES;
				CLANG_WARN_INT_CONVERSION = YES;
				CLANG_WARN_NON_LITERAL_NULL_CONVERSION = YES;
				CLANG_WARN_OBJC_LITERAL_CONVERSION = YES;
				CLANG_WARN_OBJC_ROOT_CLASS = YES_ERROR;
				CLANG_WARN_QUOTED_INCLUDE_IN_FRAMEWORK_HEADER = YES;
				CLANG_WARN_RANGE_LOOP_ANALYSIS = YES;
				CLANG_WARN_STRICT_PROTOTYPES = YES;
				CLANG_WARN_SUSPICIOUS_MOVE = YES;
				CLANG_WARN_UNGUARDED_AVAILABILITY = YES_AGGRESSIVE;
				CLANG_WARN_UNREACHABLE_CODE = YES;
				CLANG_WARN__DUPLICATE_METHOD_MATCH = YES;
				COPY_PHASE_STRIP = NO;
				DEBUG_INFORMATION_FORMAT = dwarf-with-dsym;
				ENABLE_NS_ASSERTIONS = NO;
				ENABLE_STRICT_OBJC_MSGSEND = YES;
				ENABLE_USER_SCRIPT_SANDBOXING = YES;
				GCC_C_LANGUAGE_STANDARD = gnu17;
				GCC_NO_COMMON_BLOCKS = YES;
				GCC_WARN_64_TO_32_BIT_CONVERSION = YES;
				GCC_WARN_ABOUT_RETURN_TYPE = YES_ERROR;
				GCC_WARN_UNDECLARED_SELECTOR = YES;
				GCC_WARN_UNINITIALIZED_AUTOS = YES_AGGRESSIVE;
				GCC_WARN_UNUSED_FUNCTION = YES;
				GCC_WARN_UNUSED_VARIABLE = YES;
				IPHONEOS_DEPLOYMENT_TARGET = 17.0;
				LOCALIZATION_PREFERS_STRING_CATALOGS = YES;
				MTL_ENABLE_DEBUG_INFO = NO;
				MTL_FAST_MATH = YES;
				SDKROOT = iphoneos;
				SWIFT_COMPILATION_MODE = wholemodule;
				SWIFT_VERSION = 6.0;
				VALIDATE_PRODUCT = YES;
			};
			name = Release;
		};
		9A4F4EB6201E42F4C53B50A0 /* Debug */ = {
			isa = XCBuildConfiguration;
			buildSettings = {
				ASSETCATALOG_COMPILER_APPICON_NAME = AppIcon;
				ASSETCATALOG_COMPILER_GLOBAL_ACCENT_COLOR_NAME = AccentColor;
				CODE_SIGN_STYLE = Automatic;
				CURRENT_PROJECT_VERSION = 1;
				ENABLE_PREVIEWS = YES;
				GENERATE_INFOPLIST_FILE = NO;
				INFOPLIST_FILE = IdleryLauncher/Info.plist;
				LD_RUNPATH_SEARCH_PATHS = (
					"$(inherited)",
					"@executable_path/Frameworks",
				);
				MARKETING_VERSION = 1.0;
				PRODUCT_BUNDLE_IDENTIFIER = com.idlery.launcher;
				PRODUCT_MODULE_NAME = IdleryLauncher;
				PRODUCT_NAME = IdleryLauncher;
				SUPPORTS_MACCATALYST = NO;
				SUPPORTS_MAC_DESIGNED_FOR_IPHONE_IPAD = NO;
				SUPPORTS_XR_DESIGNED_FOR_IPHONE_IPAD = NO;
				SWIFT_EMIT_LOC_STRINGS = YES;
				TARGETED_DEVICE_FAMILY = 2;
			};
			name = Debug;
		};
		0C6B182E38A951A40A90C91F /* Release */ = {
			isa = XCBuildConfiguration;
			buildSettings = {
				ASSETCATALOG_COMPILER_APPICON_NAME = AppIcon;
				ASSETCATALOG_COMPILER_GLOBAL_ACCENT_COLOR_NAME = AccentColor;
				CODE_SIGN_STYLE = Automatic;
				CURRENT_PROJECT_VERSION = 1;
				ENABLE_PREVIEWS = YES;
				GENERATE_INFOPLIST_FILE = NO;
				INFOPLIST_FILE = IdleryLauncher/Info.plist;
				LD_RUNPATH_SEARCH_PATHS = (
					"$(inherited)",
					"@executable_path/Frameworks",
				);
				MARKETING_VERSION = 1.0;
				PRODUCT_BUNDLE_IDENTIFIER = com.idlery.launcher;
				PRODUCT_MODULE_NAME = IdleryLauncher;
				PRODUCT_NAME = IdleryLauncher;
				SUPPORTS_MACCATALYST = NO;
				SUPPORTS_MAC_DESIGNED_FOR_IPHONE_IPAD = NO;
				SUPPORTS_XR_DESIGNED_FOR_IPHONE_IPAD = NO;
				SWIFT_EMIT_LOC_STRINGS = YES;
				TARGETED_DEVICE_FAMILY = 2;
			};
			name = Release;
		};
		D5E6BDE2F357CE2F6F8910BB /* Debug */ = {
			isa = XCBuildConfiguration;
			buildSettings = {
				BUNDLE_LOADER = "$(TEST_HOST)";
				CODE_SIGN_STYLE = Automatic;
				CURRENT_PROJECT_VERSION = 1;
				GENERATE_INFOPLIST_FILE = YES;
				MARKETING_VERSION = 1.0;
				PRODUCT_BUNDLE_IDENTIFIER = com.idlery.launcher.tests;
				PRODUCT_NAME = "$(TARGET_NAME)";
				SWIFT_EMIT_LOC_STRINGS = NO;
				TARGETED_DEVICE_FAMILY = 2;
				TEST_HOST = "$(BUILT_PRODUCTS_DIR)/IdleryLauncher.app/$(BUNDLE_EXECUTABLE_FOLDER_PATH)/IdleryLauncher";
			};
			name = Debug;
		};
		462510F9444F5C888ABE279B /* Release */ = {
			isa = XCBuildConfiguration;
			buildSettings = {
				BUNDLE_LOADER = "$(TEST_HOST)";
				CODE_SIGN_STYLE = Automatic;
				CURRENT_PROJECT_VERSION = 1;
				GENERATE_INFOPLIST_FILE = YES;
				MARKETING_VERSION = 1.0;
				PRODUCT_BUNDLE_IDENTIFIER = com.idlery.launcher.tests;
				PRODUCT_NAME = "$(TARGET_NAME)";
				SWIFT_EMIT_LOC_STRINGS = NO;
				TARGETED_DEVICE_FAMILY = 2;
				TEST_HOST = "$(BUILT_PRODUCTS_DIR)/IdleryLauncher.app/$(BUNDLE_EXECUTABLE_FOLDER_PATH)/IdleryLauncher";
			};
			name = Release;
		};
		11FFA62FD34653E5984AD78E /* Debug */ = {
			isa = XCBuildConfiguration;
			buildSettings = {
				CODE_SIGN_STYLE = Automatic;
				CURRENT_PROJECT_VERSION = 1;
				GENERATE_INFOPLIST_FILE = YES;
				MARKETING_VERSION = 1.0;
				PRODUCT_BUNDLE_IDENTIFIER = com.idlery.launcher.uitests;
				PRODUCT_NAME = "$(TARGET_NAME)";
				SWIFT_EMIT_LOC_STRINGS = NO;
				TARGETED_DEVICE_FAMILY = 2;
				TEST_TARGET_NAME = IdleryLauncher;
			};
			name = Debug;
		};
		374C9D77F06408CF10B91791 /* Release */ = {
			isa = XCBuildConfiguration;
			buildSettings = {
				CODE_SIGN_STYLE = Automatic;
				CURRENT_PROJECT_VERSION = 1;
				GENERATE_INFOPLIST_FILE = YES;
				MARKETING_VERSION = 1.0;
				PRODUCT_BUNDLE_IDENTIFIER = com.idlery.launcher.uitests;
				PRODUCT_NAME = "$(TARGET_NAME)";
				SWIFT_EMIT_LOC_STRINGS = NO;
				TARGETED_DEVICE_FAMILY = 2;
				TEST_TARGET_NAME = IdleryLauncher;
			};
			name = Release;
		};
/* End XCBuildConfiguration section */

/* Begin XCConfigurationList section */
		1F4E3D13C2320EDA50221924 /* Build configuration list for PBXProject "IdleryLauncher" */ = {
			isa = XCConfigurationList;
			buildConfigurations = (
				4A43692AD8BCEEB8B727C85B /* Debug */,
				C28449456A5A705A7479770B /* Release */,
			);
			defaultConfigurationIsVisible = 0;
			defaultConfigurationName = Release;
		};
		6B27B53E833CA573B7BBDFBD /* Build configuration list for PBXNativeTarget "IdleryLauncher" */ = {
			isa = XCConfigurationList;
			buildConfigurations = (
				9A4F4EB6201E42F4C53B50A0 /* Debug */,
				0C6B182E38A951A40A90C91F /* Release */,
			);
			defaultConfigurationIsVisible = 0;
			defaultConfigurationName = Release;
		};
		2F9A0A5877055925A83DCDEA /* Build configuration list for PBXNativeTarget "IdleryLauncherTests" */ = {
			isa = XCConfigurationList;
			buildConfigurations = (
				D5E6BDE2F357CE2F6F8910BB /* Debug */,
				462510F9444F5C888ABE279B /* Release */,
			);
			defaultConfigurationIsVisible = 0;
			defaultConfigurationName = Release;
		};
		FFFF81E3F96387DE3E8D623E /* Build configuration list for PBXNativeTarget "IdleryLauncherUITests" */ = {
			isa = XCConfigurationList;
			buildConfigurations = (
				11FFA62FD34653E5984AD78E /* Debug */,
				374C9D77F06408CF10B91791 /* Release */,
			);
			defaultConfigurationIsVisible = 0;
			defaultConfigurationName = Release;
		};
/* End XCConfigurationList section */
	};
	rootObject = 46F86FAA6BBF9AC94A7E4595 /* Project object */;
}
